{
  "version": 4,
  "terraform_version": "1.0.11",
  "serial": 3,
  "lineage": "878e9cde-657e-ffd9-0e06-89a9d86a2a35",
  "outputs": {
    "kubernetes_cluster_host": {
      "value": "34.84.240.43",
      "type": "string"
    },
    "kubernetes_cluster_name": {
      "value": "pjt-an3-gketest-dev-gke",
      "type": "string"
    },
    "project_id": {
      "value": "pjt-an3-gketest-dev",
      "type": "string"
    },
    "region": {
      "value": "asia-northeast1",
      "type": "string"
    }
  },
  "resources": [
    {
      "mode": "data",
      "type": "google_compute_network",
      "name": "network",
      "provider": "provider[\"registry.terraform.io/hashicorp/google\"]",
      "instances": [
        {
          "schema_version": 0,
          "attributes": {
            "description": null,
            "gateway_ipv4": null,
            "id": null,
            "name": null,
            "project": null,
            "self_link": null,
            "subnetworks_self_links": null
          },
          "sensitive_attributes": []
        }
      ]
    },
    {
      "mode": "data",
      "type": "google_compute_subnetwork",
      "name": "subnet",
      "provider": "provider[\"registry.terraform.io/hashicorp/google\"]",
      "instances": [
        {
          "schema_version": 0,
          "attributes": {
            "description": "",
            "gateway_address": "10.170.0.1",
            "id": "projects/vpc-share-network/regions/asia-northeast1/subnetworks/sbn-test-4",
            "ip_cidr_range": "10.170.0.0/24",
            "name": "sbn-test-4",
            "network": "https://www.googleapis.com/compute/v1/projects/vpc-share-network/global/networks/vpc-network",
            "private_ip_google_access": false,
            "project": "vpc-share-network",
            "region": "asia-northeast1",
            "secondary_ip_range": [
              {
                "ip_cidr_range": "10.171.0.0/19",
                "range_name": "pod"
              },
              {
                "ip_cidr_range": "10.172.0.0/24",
                "range_name": "service"
              }
            ],
            "self_link": "https://www.googleapis.com/compute/v1/projects/vpc-share-network/regions/asia-northeast1/subnetworks/sbn-test-4"
          },
          "sensitive_attributes": []
        }
      ]
    },
    {
      "mode": "managed",
      "type": "google_container_cluster",
      "name": "primary",
      "provider": "provider[\"registry.terraform.io/hashicorp/google\"]",
      "instances": [
        {
          "schema_version": 1,
          "attributes": {
            "addons_config": [
              {
                "cloudrun_config": [],
                "horizontal_pod_autoscaling": [],
                "http_load_balancing": [],
                "network_policy_config": [
                  {
                    "disabled": true
                  }
                ]
              }
            ],
            "authenticator_groups_config": [],
            "cluster_autoscaling": [
              {
                "auto_provisioning_defaults": [],
                "enabled": false,
                "resource_limits": []
              }
            ],
            "cluster_ipv4_cidr": "10.171.0.0/19",
            "database_encryption": [
              {
                "key_name": "",
                "state": "DECRYPTED"
              }
            ],
            "default_max_pods_per_node": 110,
            "description": "",
            "enable_binary_authorization": false,
            "enable_intranode_visibility": null,
            "enable_kubernetes_alpha": false,
            "enable_legacy_abac": false,
            "enable_shielded_nodes": false,
            "enable_tpu": null,
            "endpoint": "34.84.240.43",
            "id": "projects/pjt-an3-gketest-dev/locations/asia-northeast1/clusters/pjt-an3-gketest-dev-gke",
            "initial_node_count": 1,
            "instance_group_urls": [],
            "ip_allocation_policy": [
              {
                "cluster_ipv4_cidr_block": "10.171.0.0/19",
                "cluster_secondary_range_name": "pod",
                "services_ipv4_cidr_block": "10.172.0.0/24",
                "services_secondary_range_name": "service"
              }
            ],
            "label_fingerprint": "a9dc16a7",
            "location": "asia-northeast1",
            "logging_service": "logging.googleapis.com/kubernetes",
            "maintenance_policy": [],
            "master_auth": [
              {
                "client_certificate": "",
                "client_certificate_config": [
                  {
                    "issue_client_certificate": false
                  }
                ],
                "client_key": "",
                "cluster_ca_certificate": "LS0tLS1CRUdJTiBDRVJUSUZJQ0FURS0tLS0tCk1JSUVMRENDQXBTZ0F3SUJBZ0lRUEZHeHcwNVNiYnVrNlIwR3dKTmZWREFOQmdrcWhraUc5dzBCQVFzRkFEQXYKTVMwd0t3WURWUVFERXlRd01HWTJNelE1T0MxaFlqWTNMVFJrT1RrdFlXSXhNUzAyT1dWbE5tWmhaakpoTmpNdwpJQmNOTWpFeE1qQTVNRFl4TlRRMldoZ1BNakExTVRFeU1ESXdOekUxTkRaYU1DOHhMVEFyQmdOVkJBTVRKREF3ClpqWXpORGs0TFdGaU5qY3ROR1E1T1MxaFlqRXhMVFk1WldVMlptRm1NbUUyTXpDQ0FhSXdEUVlKS29aSWh2Y04KQVFFQkJRQURnZ0dQQURDQ0FZb0NnZ0dCQUlyZEt3WE1aY21OaHorVjZUZ2NZYWtxZVlHbWZ5SWRoZExWU05Kegp1VWRYSXNGYW5Ga0JRUFhwV2c4QUNmSElqK2V5YzdtMmJGVi9lYTVLd1JmNTY5aDFlbFdsZUtXWHVEQmZvaENWCmJsV1hjM3BxSFhRUjQzSTZ3NTVTVk50SlVKVzFBZHlZYTd2bmNVVkY2TzF5dnNiT293Z3prTENKM3BsTFBvOEMKUTdDU0h0RU54UVhvaWdoSTVPblJFNEJlRDZFbVBnZC9oQTVSVTc5dXVrTjhKMzNMemY0UGs4Q2hmQWNMejVkRApJTkF4NEhrV0VIY0crdHdvTSt5NTNGOFpjUDV6b0RhVUtwTi9FbjRUVkFueWdOcHFJdnBCM2FyazJzd2ZaQS9mClRJU244bnVxaG93QVNWbjJvRENRQ1BXQll0cWorSk03S0NIbzRWb3c0Z0lDbDRmdlR0Y1owVDZDWmQrZ1ZFdUkKQW9yTkdBTzhNQm54K0QvZE5lVHRSZjB3amYxdnd1bk4wdTNlbmUyTXREMmJyZWZrUnBsLzNRdnFJMW5uWUxxOAo0Wlh4dEJ6TWY0UmMxK0xXakxELzQrWHpITWkyc1AwN0lKek9aN1JNMDl1aGR2bk9qL2hUZ0lja3JUYitXQlRYCjltREFMTDk4VllrcFAvUDU4SFBseE5EQjFRSURBUUFCbzBJd1FEQU9CZ05WSFE4QkFmOEVCQU1DQWdRd0R3WUQKVlIwVEFRSC9CQVV3QXdFQi96QWRCZ05WSFE0RUZnUVVNZU9RRjB2cGxrUTUrT204OEhrZEV2ZWhvMHd3RFFZSgpLb1pJaHZjTkFRRUxCUUFEZ2dHQkFFMUx6NEt1UFRzRlVyYzIwc1c5cXUwVkgvVkYweHI2eVRjYUdXR2lJOUt3ClNYalVLbzZLSE5SOW9QbE5aU2x0dGhBLzdoZzdOdGZLWjNRTHV5c21CdFhUSzB1a01EWld2VnlHTUduelNoeVkKTktsQWVTbGl4U3ZOWlN6N01uM3REMTZFTkVFWDUwZ3RJS3h5bk5aSy82OGJCaHpwSGNHK2NTRjJuRUhkcVNSTwo5YTZKNHF2Mk0yR3pmZzhtaTZIdnlubitEMGFQSk5nakI1bEFUMytOT3RWS2ZoU21ieWFvR1FqOExnTWtuTm1CClRCTUxZcldwTlB3MmVtZkVseE10YmwvNVliLzBIM1ZUQmJaSHNjaWZVMHZPenV6S3B6QjNTTGRSTEk4YnI5WVIKdTJ2R0JkZ3FXSFNzQ2J0TTRGTnFYYnQxSHlBVU4rNmx4TWx5R2ZiaFNPbExQNllpZnB1MjhPcHdVRmtyYlRhTwp0Q3NOWkFJQVlYck1qRWZYWmRTS2M4M0s4SU4vRjNzYkNxalhoa3VRUUxrMEFBbjBVM2VMZVNHT0k4Nzk5TjJnCjVMZlRjUklwNnIxQW1wSGFua0pBempmUkJudEdJZ3BPS2tFSHJVUmRXbTR2TlFuTzdQcEpqSWxJTUk3M2k4RzIKb2FCVlNENkJVQUVJNzd3ZFhzRGJsdz09Ci0tLS0tRU5EIENFUlRJRklDQVRFLS0tLS0K",
                "password": "",
                "username": ""
              }
            ],
            "master_authorized_networks_config": [],
            "master_version": "1.21.5-gke.1302",
            "min_master_version": null,
            "monitoring_service": "monitoring.googleapis.com/kubernetes",
            "name": "pjt-an3-gketest-dev-gke",
            "network": "projects/vpc-share-network/global/networks/vpc-network",
            "network_policy": [
              {
                "enabled": false,
                "provider": "PROVIDER_UNSPECIFIED"
              }
            ],
            "node_config": [],
            "node_locations": [
              "asia-northeast1-a",
              "asia-northeast1-b",
              "asia-northeast1-c"
            ],
            "node_pool": [],
            "node_version": "1.21.5-gke.1302",
            "operation": null,
            "pod_security_policy_config": [],
            "private_cluster_config": [],
            "project": "pjt-an3-gketest-dev",
            "release_channel": [
              {
                "channel": "REGULAR"
              }
            ],
            "remove_default_node_pool": true,
            "resource_labels": null,
            "resource_usage_export_config": [],
            "self_link": "https://container.googleapis.com/v1beta1/projects/pjt-an3-gketest-dev/locations/asia-northeast1/clusters/pjt-an3-gketest-dev-gke",
            "services_ipv4_cidr": "10.172.0.0/24",
            "subnetwork": "projects/vpc-share-network/regions/asia-northeast1/subnetworks/sbn-test-4",
            "timeouts": null,
            "vertical_pod_autoscaling": [],
            "workload_identity_config": []
          },
          "sensitive_attributes": [],
          "private": "eyJlMmJmYjczMC1lY2FhLTExZTYtOGY4OC0zNDM2M2JjN2M0YzAiOnsiY3JlYXRlIjoyNDAwMDAwMDAwMDAwLCJkZWxldGUiOjI0MDAwMDAwMDAwMDAsInJlYWQiOjI0MDAwMDAwMDAwMDAsInVwZGF0ZSI6MzYwMDAwMDAwMDAwMH0sInNjaGVtYV92ZXJzaW9uIjoiMSJ9"
        }
      ]
    },
    {
      "mode": "managed",
      "type": "google_container_node_pool",
      "name": "primary_nodes",
      "provider": "provider[\"registry.terraform.io/hashicorp/google\"]",
      "instances": [
        {
          "schema_version": 1,
          "attributes": {
            "autoscaling": [],
            "cluster": "pjt-an3-gketest-dev-gke",
            "id": "projects/pjt-an3-gketest-dev/locations/asia-northeast1/clusters/pjt-an3-gketest-dev-gke/nodePools/pjt-an3-gketest-dev-gke-node-pool",
            "initial_node_count": 1,
            "instance_group_urls": [
              "https://www.googleapis.com/compute/v1/projects/pjt-an3-gketest-dev/zones/asia-northeast1-a/instanceGroupManagers/gke-pjt-an3-gketest--pjt-an3-gketest--c47515e3-grp",
              "https://www.googleapis.com/compute/v1/projects/pjt-an3-gketest-dev/zones/asia-northeast1-b/instanceGroupManagers/gke-pjt-an3-gketest--pjt-an3-gketest--28bdb30b-grp"
            ],
            "location": "asia-northeast1",
            "management": [
              {
                "auto_repair": true,
                "auto_upgrade": true
              }
            ],
            "max_pods_per_node": 110,
            "name": "pjt-an3-gketest-dev-gke-node-pool",
            "name_prefix": "",
            "node_config": [
              {
                "disk_size_gb": 100,
                "disk_type": "pd-standard",
                "guest_accelerator": [],
                "image_type": "COS_CONTAINERD",
                "labels": {
                  "env": "pjt-an3-gketest-dev"
                },
                "local_ssd_count": 0,
                "machine_type": "e2-standard-4",
                "metadata": {
                  "disable-legacy-endpoints": "true"
                },
                "min_cpu_platform": "",
                "oauth_scopes": [
                  "https://www.googleapis.com/auth/logging.write",
                  "https://www.googleapis.com/auth/monitoring"
                ],
                "preemptible": false,
                "service_account": "default",
                "shielded_instance_config": [
                  {
                    "enable_integrity_monitoring": true,
                    "enable_secure_boot": false
                  }
                ],
                "tags": [
                  "gke-node",
                  "pjt-an3-gketest-dev-gke",
                  "sgtag-80",
                  "sgtag-4567"
                ],
                "taint": [],
                "workload_metadata_config": []
              }
            ],
            "node_count": 1,
            "node_locations": [
              "asia-northeast1-a",
              "asia-northeast1-b"
            ],
            "project": "pjt-an3-gketest-dev",
            "timeouts": null,
            "upgrade_settings": [
              {
                "max_surge": 1,
                "max_unavailable": 0
              }
            ],
            "version": "1.21.5-gke.1302"
          },
          "sensitive_attributes": [],
          "private": "eyJlMmJmYjczMC1lY2FhLTExZTYtOGY4OC0zNDM2M2JjN2M0YzAiOnsiY3JlYXRlIjoxODAwMDAwMDAwMDAwLCJkZWxldGUiOjE4MDAwMDAwMDAwMDAsInVwZGF0ZSI6MTgwMDAwMDAwMDAwMH0sInNjaGVtYV92ZXJzaW9uIjoiMSJ9",
          "dependencies": [
            "google_container_cluster.primary"
          ]
        }
      ]
    }
  ]
}
